{
  "nodes": {
    "darwin": {
      "inputs": {
        "nixpkgs": [
          "nixpkgs"
        ]
      },
      "locked": {
        "lastModified": 1667419884,
        "narHash": "sha256-oLNw87ZI5NxTMlNQBv1wG2N27CUzo9admaFlnmavpiY=",
        "owner": "lnl7",
        "repo": "nix-darwin",
        "rev": "cfc0125eafadc9569d3d6a16ee928375b77e3100",
        "type": "github"
      },
      "original": {
        "owner": "lnl7",
        "ref": "master",
        "repo": "nix-darwin",
        "type": "github"
      }
    },
    "nixpkgs": {
      "locked": {
        "lastModified": 1668031106,
        "narHash": "sha256-FdLrwTOHtAPy1tE9JdXYWkVuda1VaYfh+KZ/9Vpfdd4=",
        "owner": "nixos",
        "repo": "nixpkgs",
        "rev": "d0e1dd63a4fc4b0b3ef8bf2885f578e3d9b9b1d9",
        "type": "github"
      },
      "original": {
        "owner": "nixos",
        "ref": "nixpkgs-22.05-darwin",
        "repo": "nixpkgs",
        "type": "github"
      }
    },
    "root": {
      "inputs": {
        "darwin": "darwin",
        "nixpkgs": "nixpkgs"
      }
    }
  },
  "root": "root",
  "version": 7
}
